
Microsoft Visual Studio Solution File, Format Version 12.00
# Visual Studio Version 17
VisualStudioVersion = 17.7.34221.43
MinimumVisualStudioVersion = 10.0.40219.1
Project("{FAE04EC0-301F-11D3-BF4B-00C04F79EFBC}") = "SuperHeroesApp", "SuperHeroesApp\SuperHeroesApp.csproj", "{B2219CA3-008C-477B-992D-798B88BD82CC}"
EndProject
Global
	GlobalSection(SolutionConfigurationPlatforms) = preSolution
		Debug|Any CPU = Debug|Any CPU
		Release|Any CPU = Release|Any CPU
	EndGlobalSection
	GlobalSection(ProjectConfigurationPlatforms) = postSolution
		{B2219CA3-008C-477B-992D-798B88BD82CC}.Debug|Any CPU.ActiveCfg = Debug|Any CPU
		{B2219CA3-008C-477B-992D-798B88BD82CC}.Debug|Any CPU.Build.0 = Debug|Any CPU
		{B2219CA3-008C-477B-992D-798B88BD82CC}.Release|Any CPU.ActiveCfg = Release|Any CPU
		{B2219CA3-008C-477B-992D-798B88BD82CC}.Release|Any CPU.Build.0 = Release|Any CPU
	EndGlobalSection
	GlobalSection(SolutionProperties) = preSolution
		HideSolutionNode = FALSE
	EndGlobalSection
	GlobalSection(ExtensibilityGlobals) = postSolution
		SolutionGuid = {8A8505FD-6FEC-42FE-B25E-086ED9953880}
	EndGlobalSection
EndGlobal
